
Microsoft Visual Studio Solution File, Format Version 12.00
# Visual Studio Version 17
VisualStudioVersion = 17.13.35605.110
MinimumVisualStudioVersion = 10.0.40219.1
Project("{FAE04EC0-301F-11D3-BF4B-00C04F79EFBC}") = "EventTypeManagement.API", "EventTypeManagement.API\src\EventTypeManagement.API\EventTypeManagement.API.csproj", "{2A4714FC-9170-411C-A927-27FA1FB8E864}"
EndProject
Project("{FAE04EC0-301F-11D3-BF4B-00C04F79EFBC}") = "EventTypeManagement.API.Tests", "EventTypeManagement.API\test\EventTypeManagement.API.Tests\EventTypeManagement.API.Tests.csproj", "{7BC5D5B0-F542-2C95-CD2F-CD1A5A6B8398}"
EndProject
Global
	GlobalSection(SolutionConfigurationPlatforms) = preSolution
		Debug|Any CPU = Debug|Any CPU
		Release|Any CPU = Release|Any CPU
	EndGlobalSection
	GlobalSection(ProjectConfigurationPlatforms) = postSolution
		{2A4714FC-9170-411C-A927-27FA1FB8E864}.Debug|Any CPU.ActiveCfg = Debug|Any CPU
		{2A4714FC-9170-411C-A927-27FA1FB8E864}.Debug|Any CPU.Build.0 = Debug|Any CPU
		{2A4714FC-9170-411C-A927-27FA1FB8E864}.Release|Any CPU.ActiveCfg = Release|Any CPU
		{2A4714FC-9170-411C-A927-27FA1FB8E864}.Release|Any CPU.Build.0 = Release|Any CPU
		{7BC5D5B0-F542-2C95-CD2F-CD1A5A6B8398}.Debug|Any CPU.ActiveCfg = Debug|Any CPU
		{7BC5D5B0-F542-2C95-CD2F-CD1A5A6B8398}.Debug|Any CPU.Build.0 = Debug|Any CPU
		{7BC5D5B0-F542-2C95-CD2F-CD1A5A6B8398}.Release|Any CPU.ActiveCfg = Release|Any CPU
		{7BC5D5B0-F542-2C95-CD2F-CD1A5A6B8398}.Release|Any CPU.Build.0 = Release|Any CPU
	EndGlobalSection
	GlobalSection(SolutionProperties) = preSolution
		HideSolutionNode = FALSE
	EndGlobalSection
	GlobalSection(ExtensibilityGlobals) = postSolution
		SolutionGuid = {17B59FC9-8391-4F39-B26C-1DEDC999E8C6}
	EndGlobalSection
EndGlobal
