
Microsoft Visual Studio Solution File, Format Version 12.00
# Visual Studio Version 17
VisualStudioVersion = 17.13.35605.110 d17.13
MinimumVisualStudioVersion = 10.0.40219.1
Project("{FAE04EC0-301F-11D3-BF4B-00C04F79EFBC}") = "UserManagement.API", "UserManagement.API\UserManagement.API.csproj", "{BF8E4D12-0128-40AA-BDD3-AA162B3AAA7B}"
EndProject
Project("{E53339B2-1760-4266-BCC7-CA923CBCF16C}") = "docker-compose", "docker-compose.dcproj", "{81DDED9D-158B-E303-5F62-77A2896D2A5A}"
EndProject
Project("{FAE04EC0-301F-11D3-BF4B-00C04F79EFBC}") = "UserManagement.API.Test", "UserManagement.API.Test\UserManagement.API.Test.csproj", "{9ABF88A7-6C80-4552-A388-6FF90B3FB407}"
EndProject
Global
	GlobalSection(SolutionConfigurationPlatforms) = preSolution
		Debug|Any CPU = Debug|Any CPU
		Release|Any CPU = Release|Any CPU
	EndGlobalSection
	GlobalSection(ProjectConfigurationPlatforms) = postSolution
		{BF8E4D12-0128-40AA-BDD3-AA162B3AAA7B}.Debug|Any CPU.ActiveCfg = Debug|Any CPU
		{BF8E4D12-0128-40AA-BDD3-AA162B3AAA7B}.Debug|Any CPU.Build.0 = Debug|Any CPU
		{BF8E4D12-0128-40AA-BDD3-AA162B3AAA7B}.Release|Any CPU.ActiveCfg = Release|Any CPU
		{BF8E4D12-0128-40AA-BDD3-AA162B3AAA7B}.Release|Any CPU.Build.0 = Release|Any CPU
		{81DDED9D-158B-E303-5F62-77A2896D2A5A}.Debug|Any CPU.ActiveCfg = Debug|Any CPU
		{81DDED9D-158B-E303-5F62-77A2896D2A5A}.Debug|Any CPU.Build.0 = Debug|Any CPU
		{81DDED9D-158B-E303-5F62-77A2896D2A5A}.Release|Any CPU.ActiveCfg = Release|Any CPU
		{81DDED9D-158B-E303-5F62-77A2896D2A5A}.Release|Any CPU.Build.0 = Release|Any CPU
		{9ABF88A7-6C80-4552-A388-6FF90B3FB407}.Debug|Any CPU.ActiveCfg = Debug|Any CPU
		{9ABF88A7-6C80-4552-A388-6FF90B3FB407}.Debug|Any CPU.Build.0 = Debug|Any CPU
		{9ABF88A7-6C80-4552-A388-6FF90B3FB407}.Release|Any CPU.ActiveCfg = Release|Any CPU
		{9ABF88A7-6C80-4552-A388-6FF90B3FB407}.Release|Any CPU.Build.0 = Release|Any CPU
	EndGlobalSection
	GlobalSection(SolutionProperties) = preSolution
		HideSolutionNode = FALSE
	EndGlobalSection
	GlobalSection(ExtensibilityGlobals) = postSolution
		SolutionGuid = {1D4E34E2-D778-4E95-B5E0-B56E4D1CB0C2}
	EndGlobalSection
EndGlobal
